
Microsoft Visual Studio Solution File, Format Version 12.00
# Visual Studio Version 16
VisualStudioVersion = 16.0.29215.179
MinimumVisualStudioVersion = 10.0.40219.1
Project("{FAE04EC0-301F-11D3-BF4B-00C04F79EFBC}") = "Funktioharjoituksia", "Funktioharjoituksia\Funktioharjoituksia.csproj", "{61E34728-A548-46AB-B143-15759A6EEA51}"
EndProject
Global
	GlobalSection(SolutionConfigurationPlatforms) = preSolution
		Debug|Any CPU = Debug|Any CPU
		Release|Any CPU = Release|Any CPU
	EndGlobalSection
	GlobalSection(ProjectConfigurationPlatforms) = postSolution
		{61E34728-A548-46AB-B143-15759A6EEA51}.Debug|Any CPU.ActiveCfg = Debug|Any CPU
		{61E34728-A548-46AB-B143-15759A6EEA51}.Debug|Any CPU.Build.0 = Debug|Any CPU
		{61E34728-A548-46AB-B143-15759A6EEA51}.Release|Any CPU.ActiveCfg = Release|Any CPU
		{61E34728-A548-46AB-B143-15759A6EEA51}.Release|Any CPU.Build.0 = Release|Any CPU
	EndGlobalSection
	GlobalSection(SolutionProperties) = preSolution
		HideSolutionNode = FALSE
	EndGlobalSection
	GlobalSection(ExtensibilityGlobals) = postSolution
		SolutionGuid = {C565B0A8-92C0-4E5F-B5FC-C10788F0C4C3}
	EndGlobalSection
EndGlobal
