
Microsoft Visual Studio Solution File, Format Version 12.00
# Visual Studio Version 16
VisualStudioVersion = 16.0.29215.179
MinimumVisualStudioVersion = 10.0.40219.1
Project("{FAE04EC0-301F-11D3-BF4B-00C04F79EFBC}") = "Nelilaskin", "Nelilaskin\Nelilaskin.csproj", "{7BE34D6A-4363-46E4-9039-0937E4CFB0CC}"
EndProject
Global
	GlobalSection(SolutionConfigurationPlatforms) = preSolution
		Debug|Any CPU = Debug|Any CPU
		Release|Any CPU = Release|Any CPU
	EndGlobalSection
	GlobalSection(ProjectConfigurationPlatforms) = postSolution
		{7BE34D6A-4363-46E4-9039-0937E4CFB0CC}.Debug|Any CPU.ActiveCfg = Debug|Any CPU
		{7BE34D6A-4363-46E4-9039-0937E4CFB0CC}.Debug|Any CPU.Build.0 = Debug|Any CPU
		{7BE34D6A-4363-46E4-9039-0937E4CFB0CC}.Release|Any CPU.ActiveCfg = Release|Any CPU
		{7BE34D6A-4363-46E4-9039-0937E4CFB0CC}.Release|Any CPU.Build.0 = Release|Any CPU
	EndGlobalSection
	GlobalSection(SolutionProperties) = preSolution
		HideSolutionNode = FALSE
	EndGlobalSection
	GlobalSection(ExtensibilityGlobals) = postSolution
		SolutionGuid = {53C7BB21-0E32-4821-9F6E-EB6B8168429B}
	EndGlobalSection
EndGlobal
