
Microsoft Visual Studio Solution File, Format Version 12.00
# Visual Studio Version 16
VisualStudioVersion = 16.0.29215.179
MinimumVisualStudioVersion = 10.0.40219.1
Project("{FAE04EC0-301F-11D3-BF4B-00C04F79EFBC}") = "Arvauspeli", "Arvauspeli\Arvauspeli.csproj", "{3AF28486-DA3A-41D9-9C3C-3099E7ED2E95}"
EndProject
Global
	GlobalSection(SolutionConfigurationPlatforms) = preSolution
		Debug|Any CPU = Debug|Any CPU
		Release|Any CPU = Release|Any CPU
	EndGlobalSection
	GlobalSection(ProjectConfigurationPlatforms) = postSolution
		{3AF28486-DA3A-41D9-9C3C-3099E7ED2E95}.Debug|Any CPU.ActiveCfg = Debug|Any CPU
		{3AF28486-DA3A-41D9-9C3C-3099E7ED2E95}.Debug|Any CPU.Build.0 = Debug|Any CPU
		{3AF28486-DA3A-41D9-9C3C-3099E7ED2E95}.Release|Any CPU.ActiveCfg = Release|Any CPU
		{3AF28486-DA3A-41D9-9C3C-3099E7ED2E95}.Release|Any CPU.Build.0 = Release|Any CPU
	EndGlobalSection
	GlobalSection(SolutionProperties) = preSolution
		HideSolutionNode = FALSE
	EndGlobalSection
	GlobalSection(ExtensibilityGlobals) = postSolution
		SolutionGuid = {5BE6D296-0BDA-46FF-AAF8-9E9EA5211AC5}
	EndGlobalSection
EndGlobal
